
Microsoft Visual Studio Solution File, Format Version 12.00
# Visual Studio Version 17
VisualStudioVersion = 17.3.32929.385
MinimumVisualStudioVersion = 10.0.40219.1
Project("{FAE04EC0-301F-11D3-BF4B-00C04F79EFBC}") = "同步时间", "同步时间\同步时间.csproj", "{9FBC8A45-CE85-48CE-BA1E-CA6ED245CF23}"
EndProject
Global
	GlobalSection(SolutionConfigurationPlatforms) = preSolution
		Debug|Any CPU = Debug|Any CPU
		Release|Any CPU = Release|Any CPU
	EndGlobalSection
	GlobalSection(ProjectConfigurationPlatforms) = postSolution
		{9FBC8A45-CE85-48CE-BA1E-CA6ED245CF23}.Debug|Any CPU.ActiveCfg = Debug|Any CPU
		{9FBC8A45-CE85-48CE-BA1E-CA6ED245CF23}.Debug|Any CPU.Build.0 = Debug|Any CPU
		{9FBC8A45-CE85-48CE-BA1E-CA6ED245CF23}.Release|Any CPU.ActiveCfg = Release|Any CPU
		{9FBC8A45-CE85-48CE-BA1E-CA6ED245CF23}.Release|Any CPU.Build.0 = Release|Any CPU
	EndGlobalSection
	GlobalSection(SolutionProperties) = preSolution
		HideSolutionNode = FALSE
	EndGlobalSection
	GlobalSection(ExtensibilityGlobals) = postSolution
		SolutionGuid = {78280191-A61F-45ED-B186-5A46972D170A}
	EndGlobalSection
EndGlobal
